
Microsoft Visual Studio Solution File, Format Version 12.00
# Visual Studio Version 16
VisualStudioVersion = 16.0.28922.388
MinimumVisualStudioVersion = 10.0.40219.1
Project("{FAE04EC0-301F-11D3-BF4B-00C04F79EFBC}") = "Apresentacao", "Apresentacao.csproj", "{BAED01EC-573C-4523-86F6-2234E67C93EA}"
EndProject
Project("{9A19103F-16F7-4668-BE54-9A1E7A4F7556}") = "Modelo", "..\Modelo\Modelo.csproj", "{A9CB19EE-51F7-4B02-A38B-A09E30F2FD49}"
EndProject
Project("{9A19103F-16F7-4668-BE54-9A1E7A4F7556}") = "Persistencia", "..\Persistencia\Persistencia.csproj", "{F689B071-37C3-4E5F-8644-B97786E3B0DB}"
EndProject
Project("{9A19103F-16F7-4668-BE54-9A1E7A4F7556}") = "Servicos", "..\Servicos\Servicos.csproj", "{995D76A5-32E2-45BC-A41F-A49D29CECD51}"
EndProject
Project("{2150E333-8FDC-42A3-9474-1A3956D46DE8}") = "NewFolder1", "NewFolder1", "{D73BD593-8AE8-4AEC-A25D-74252865F535}"
EndProject
Global
	GlobalSection(SolutionConfigurationPlatforms) = preSolution
		Debug|Any CPU = Debug|Any CPU
		Release|Any CPU = Release|Any CPU
	EndGlobalSection
	GlobalSection(ProjectConfigurationPlatforms) = postSolution
		{BAED01EC-573C-4523-86F6-2234E67C93EA}.Debug|Any CPU.ActiveCfg = Debug|Any CPU
		{BAED01EC-573C-4523-86F6-2234E67C93EA}.Debug|Any CPU.Build.0 = Debug|Any CPU
		{BAED01EC-573C-4523-86F6-2234E67C93EA}.Release|Any CPU.ActiveCfg = Release|Any CPU
		{BAED01EC-573C-4523-86F6-2234E67C93EA}.Release|Any CPU.Build.0 = Release|Any CPU
		{A9CB19EE-51F7-4B02-A38B-A09E30F2FD49}.Debug|Any CPU.ActiveCfg = Debug|Any CPU
		{A9CB19EE-51F7-4B02-A38B-A09E30F2FD49}.Debug|Any CPU.Build.0 = Debug|Any CPU
		{A9CB19EE-51F7-4B02-A38B-A09E30F2FD49}.Release|Any CPU.ActiveCfg = Release|Any CPU
		{A9CB19EE-51F7-4B02-A38B-A09E30F2FD49}.Release|Any CPU.Build.0 = Release|Any CPU
		{F689B071-37C3-4E5F-8644-B97786E3B0DB}.Debug|Any CPU.ActiveCfg = Debug|Any CPU
		{F689B071-37C3-4E5F-8644-B97786E3B0DB}.Debug|Any CPU.Build.0 = Debug|Any CPU
		{F689B071-37C3-4E5F-8644-B97786E3B0DB}.Release|Any CPU.ActiveCfg = Release|Any CPU
		{F689B071-37C3-4E5F-8644-B97786E3B0DB}.Release|Any CPU.Build.0 = Release|Any CPU
		{995D76A5-32E2-45BC-A41F-A49D29CECD51}.Debug|Any CPU.ActiveCfg = Debug|Any CPU
		{995D76A5-32E2-45BC-A41F-A49D29CECD51}.Debug|Any CPU.Build.0 = Debug|Any CPU
		{995D76A5-32E2-45BC-A41F-A49D29CECD51}.Release|Any CPU.ActiveCfg = Release|Any CPU
		{995D76A5-32E2-45BC-A41F-A49D29CECD51}.Release|Any CPU.Build.0 = Release|Any CPU
	EndGlobalSection
	GlobalSection(SolutionProperties) = preSolution
		HideSolutionNode = FALSE
	EndGlobalSection
	GlobalSection(ExtensibilityGlobals) = postSolution
		SolutionGuid = {9F4700B1-D244-41BE-AF8F-03A72EE98467}
	EndGlobalSection
EndGlobal
